lockfileVersion: '6.0'

settings:
  autoInstallPeers: true
  excludeLinksFromLockfile: false

dependencies:
  '@nestjs/config':
    specifier: ^3.1.1
    version: 3.1.1(@nestjs/common@10.3.1)(reflect-metadata@0.1.14)

devDependencies:
  '@types/node':
    specifier: ^20.11.14
    version: 20.11.14
  typescript:
    specifier: ^5.3.3
    version: 5.3.3

packages:

  /@lukeed/csprng@1.1.0:
    resolution: {integrity: sha512-Z7C/xXCiGWsg0KuKsHTKJxbWhpI3Vs5GwLfOean7MGyVFGqdRgBbAjOCh6u4bbjPc/8MJ2pZmK/0DLdCbivLDA==}
    engines: {node: '>=8'}
    dev: false

  /@nestjs/common@10.3.1(reflect-metadata@0.1.14)(rxjs@7.8.1):
    resolution: {integrity: sha512-YuxeIlVemVQCuXMkNbBpNlmwZgp/Cu6dwCOjki63mhyYHEFX48GNNA4zZn5MFRjF4h7VSceABsScROuzsxs9LA==}
    peerDependencies:
      class-transformer: '*'
      class-validator: '*'
      reflect-metadata: ^0.1.12
      rxjs: ^7.1.0
    peerDependenciesMeta:
      class-transformer:
        optional: true
      class-validator:
        optional: true
    dependencies:
      iterare: 1.2.1
      reflect-metadata: 0.1.14
      rxjs: 7.8.1
      tslib: 2.6.2
      uid: 2.0.2
    dev: false

  /@nestjs/config@3.1.1(@nestjs/common@10.3.1)(reflect-metadata@0.1.14):
    resolution: {integrity: sha512-qu5QlNiJdqQtOsnB6lx4JCXPQ96jkKUsOGd+JXfXwqJqZcOSAq6heNFg0opW4pq4J/VZoNwoo87TNnx9wthnqQ==}
    peerDependencies:
      '@nestjs/common': ^8.0.0 || ^9.0.0 || ^10.0.0
      reflect-metadata: ^0.1.13
    dependencies:
      '@nestjs/common': 10.3.1(reflect-metadata@0.1.14)(rxjs@7.8.1)
      dotenv: 16.3.1
      dotenv-expand: 10.0.0
      lodash: 4.17.21
      reflect-metadata: 0.1.14
      uuid: 9.0.0
    dev: false

  /@types/node@20.11.14:
    resolution: {integrity: sha512-w3yWCcwULefjP9DmDDsgUskrMoOy5Z8MiwKHr1FvqGPtx7CvJzQvxD7eKpxNtklQxLruxSXWddyeRtyud0RcXQ==}
    dependencies:
      undici-types: 5.26.5
    dev: true

  /dotenv-expand@10.0.0:
    resolution: {integrity: sha512-GopVGCpVS1UKH75VKHGuQFqS1Gusej0z4FyQkPdwjil2gNIv+LNsqBlboOzpJFZKVT95GkCyWJbBSdFEFUWI2A==}
    engines: {node: '>=12'}
    dev: false

  /dotenv@16.3.1:
    resolution: {integrity: sha512-IPzF4w4/Rd94bA9imS68tZBaYyBWSCE47V1RGuMrB94iyTOIEwRmVL2x/4An+6mETpLrKJ5hQkB8W4kFAadeIQ==}
    engines: {node: '>=12'}
    dev: false

  /iterare@1.2.1:
    resolution: {integrity: sha512-RKYVTCjAnRthyJes037NX/IiqeidgN1xc3j1RjFfECFp28A1GVwK9nA+i0rJPaHqSZwygLzRnFlzUuHFoWWy+Q==}
    engines: {node: '>=6'}
    dev: false

  /lodash@4.17.21:
    resolution: {integrity: sha512-v2kDEe57lecTulaDIuNTPy3Ry4gLGJ6Z1O3vE1krgXZNrsQ+LFTGHVxVjcXPs17LhbZVGedAJv8XZ1tvj5FvSg==}
    dev: false

  /reflect-metadata@0.1.14:
    resolution: {integrity: sha512-ZhYeb6nRaXCfhnndflDK8qI6ZQ/YcWZCISRAWICW9XYqMUwjZM9Z0DveWX/ABN01oxSHwVxKQmxeYZSsm0jh5A==}
    dev: false

  /rxjs@7.8.1:
    resolution: {integrity: sha512-AA3TVj+0A2iuIoQkWEK/tqFjBq2j+6PO6Y0zJcvzLAFhEFIO3HL0vls9hWLncZbAAbK0mar7oZ4V079I/qPMxg==}
    dependencies:
      tslib: 2.6.2
    dev: false

  /tslib@2.6.2:
    resolution: {integrity: sha512-AEYxH93jGFPn/a2iVAwW87VuUIkR1FVUKB77NwMF7nBTDkDrrT/Hpt/IrCJ0QXhW27jTBDcf5ZY7w6RiqTMw2Q==}
    dev: false

  /typescript@5.3.3:
    resolution: {integrity: sha512-pXWcraxM0uxAS+tN0AG/BF2TyqmHO014Z070UsJ+pFvYuRSq8KH8DmWpnbXe0pEPDHXZV3FcAbJkijJ5oNEnWw==}
    engines: {node: '>=14.17'}
    hasBin: true
    dev: true

  /uid@2.0.2:
    resolution: {integrity: sha512-u3xV3X7uzvi5b1MncmZo3i2Aw222Zk1keqLA1YkHldREkAhAqi65wuPfe7lHx8H/Wzy+8CE7S7uS3jekIM5s8g==}
    engines: {node: '>=8'}
    dependencies:
      '@lukeed/csprng': 1.1.0
    dev: false

  /undici-types@5.26.5:
    resolution: {integrity: sha512-JlCMO+ehdEIKqlFxk6IfVoAUVmgz7cU7zD/h9XZ0qzeosSHmUJVOzSQvvYSYWXkFXC+IfLKSIffhv0sVZup6pA==}
    dev: true

  /uuid@9.0.0:
    resolution: {integrity: sha512-MXcSTerfPa4uqyzStbRoTgt5XIe3x5+42+q1sDuy3R5MDk66URdLMOZe5aPX/SQd+kuYAh0FdP/pO28IkQyTeg==}
    hasBin: true
    dev: false
